// !$*UTF8*$!
{
	archiveVersion = 1;
	classes = {
	};
	objectVersion = 50;
	objects = {

/* Begin PBXBuildFile section */
		BC1FB2B72416875F00660C2A /* AppDelegate.swift in Sources */ = {isa = PBXBuildFile; fileRef = BC1FB2B62416875F00660C2A /* AppDelegate.swift */; };
		BC1FB2BB2416875F00660C2A /* Assets.xcassets in Resources */ = {isa = PBXBuildFile; fileRef = BC1FB2BA2416875F00660C2A /* Assets.xcassets */; };
		BC1FB2BE2416876000660C2A /* Main.storyboard in Resources */ = {isa = PBXBuildFile; fileRef = BC1FB2BC2416876000660C2A /* Main.storyboard */; };
		BC1FB2CA2416876000660C2A /* stageTests.swift in Sources */ = {isa = PBXBuildFile; fileRef = BC1FB2C92416876000660C2A /* stageTests.swift */; };
		BC1FB2D524168A0E00660C2A /* HomeViewController.swift in Sources */ = {isa = PBXBuildFile; fileRef = BC1FB2D424168A0E00660C2A /* HomeViewController.swift */; };
		BC1FB2D7241749CD00660C2A /* Network in Resources */ = {isa = PBXBuildFile; fileRef = BC1FB2D6241749CC00660C2A /* Network */; };
/* End PBXBuildFile section */

/* Begin PBXContainerItemProxy section */
		BC1FB2C62416876000660C2A /* PBXContainerItemProxy */ = {
			isa = PBXContainerItemProxy;
			containerPortal = BC1FB2AB2416875F00660C2A /* Project object */;
			proxyType = 1;
			remoteGlobalIDString = BC1FB2B22416875F00660C2A;
			remoteInfo = stage;
		};
/* End PBXContainerItemProxy section */

/* Begin PBXFileReference section */
		BC1FB2B32416875F00660C2A /* stage.app */ = {isa = PBXFileReference; explicitFileType = wrapper.application; includeInIndex = 0; path = stage.app; sourceTree = BUILT_PRODUCTS_DIR; };
		BC1FB2B62416875F00660C2A /* AppDelegate.swift */ = {isa = PBXFileReference; lastKnownFileType = sourcecode.swift; path = AppDelegate.swift; sourceTree = "<group>"; };
		BC1FB2BA2416875F00660C2A /* Assets.xcassets */ = {isa = PBXFileReference; lastKnownFileType = folder.assetcatalog; path = Assets.xcassets; sourceTree = "<group>"; };
		BC1FB2BD2416876000660C2A /* Base */ = {isa = PBXFileReference; lastKnownFileType = file.storyboard; name = Base; path = Base.lproj/Main.storyboard; sourceTree = "<group>"; };
		BC1FB2BF2416876000660C2A /* Info.plist */ = {isa = PBXFileReference; lastKnownFileType = text.plist.xml; path = Info.plist; sourceTree = "<group>"; };
		BC1FB2C02416876000660C2A /* stage.entitlements */ = {isa = PBXFileReference; lastKnownFileType = text.plist.entitlements; path = stage.entitlements; sourceTree = "<group>"; };
		BC1FB2C52416876000660C2A /* stageTests.xctest */ = {isa = PBXFileReference; explicitFileType = wrapper.cfbundle; includeInIndex = 0; path = stageTests.xctest; sourceTree = BUILT_PRODUCTS_DIR; };
		BC1FB2C92416876000660C2A /* stageTests.swift */ = {isa = PBXFileReference; lastKnownFileType = sourcecode.swift; path = stageTests.swift; sourceTree = "<group>"; };
		BC1FB2CB2416876000660C2A /* Info.plist */ = {isa = PBXFileReference; lastKnownFileType = text.plist.xml; path = Info.plist; sourceTree = "<group>"; };
		BC1FB2D424168A0E00660C2A /* HomeViewController.swift */ = {isa = PBXFileReference; lastKnownFileType = sourcecode.swift; path = HomeViewController.swift; sourceTree = "<group>"; };
		BC1FB2D6241749CC00660C2A /* Network */ = {isa = PBXFileReference; lastKnownFileType = folder; path = Network; sourceTree = "<group>"; };
/* End PBXFileReference section */

/* Begin PBXFrameworksBuildPhase section */
		BC1FB2B02416875F00660C2A /* Frameworks */ = {
			isa = PBXFrameworksBuildPhase;
			buildActionMask = 2147483647;
			files = (
			);
			runOnlyForDeploymentPostprocessing = 0;
		};
		BC1FB2C22416876000660C2A /* Frameworks */ = {
			isa = PBXFrameworksBuildPhase;
			buildActionMask = 2147483647;
			files = (
			);
			runOnlyForDeploymentPostprocessing = 0;
		};
/* End PBXFrameworksBuildPhase section */

/* Begin PBXGroup section */
		BC1FB2AA2416875F00660C2A = {
			isa = PBXGroup;
			children = (
				BC1FB2B52416875F00660C2A /* stage */,
				BC1FB2C82416876000660C2A /* stageTests */,
				BC1FB2B42416875F00660C2A /* Products */,
			);
			sourceTree = "<group>";
		};
		BC1FB2B42416875F00660C2A /* Products */ = {
			isa = PBXGroup;
			children = (
				BC1FB2B32416875F00660C2A /* stage.app */,
				BC1FB2C52416876000660C2A /* stageTests.xctest */,
			);
			name = Products;
			sourceTree = "<group>";
		};
		BC1FB2B52416875F00660C2A /* stage */ = {
			isa = PBXGroup;
			children = (
				BC1FB2B62416875F00660C2A /* AppDelegate.swift */,
				BC1FB2D424168A0E00660C2A /* HomeViewController.swift */,
				BC1FB2D6241749CC00660C2A /* Network */,
				BC1FB2BA2416875F00660C2A /* Assets.xcassets */,
				BC1FB2BC2416876000660C2A /* Main.storyboard */,
				BC1FB2BF2416876000660C2A /* Info.plist */,
				BC1FB2C02416876000660C2A /* stage.entitlements */,
			);
			path = stage;
			sourceTree = "<group>";
		};
		BC1FB2C82416876000660C2A /* stageTests */ = {
			isa = PBXGroup;
			children = (
				BC1FB2C92416876000660C2A /* stageTests.swift */,
				BC1FB2CB2416876000660C2A /* Info.plist */,
			);
			path = stageTests;
			sourceTree = "<group>";
		};
/* End PBXGroup section */

/* Begin PBXNativeTarget section */
		BC1FB2B22416875F00660C2A /* stage */ = {
			isa = PBXNativeTarget;
			buildConfigurationList = BC1FB2CE2416876000660C2A /* Build configuration list for PBXNativeTarget "stage" */;
			buildPhases = (
				BC1FB2AF2416875F00660C2A /* Sources */,
				BC1FB2B02416875F00660C2A /* Frameworks */,
				BC1FB2B12416875F00660C2A /* Resources */,
			);
			buildRules = (
			);
			dependencies = (
			);
			name = stage;
			productName = stage;
			productReference = BC1FB2B32416875F00660C2A /* stage.app */;
			productType = "com.apple.product-type.application";
		};
		BC1FB2C42416876000660C2A /* stageTests */ = {
			isa = PBXNativeTarget;
			buildConfigurationList = BC1FB2D12416876000660C2A /* Build configuration list for PBXNativeTarget "stageTests" */;
			buildPhases = (
				BC1FB2C12416876000660C2A /* Sources */,
				BC1FB2C22416876000660C2A /* Frameworks */,
				BC1FB2C32416876000660C2A /* Resources */,
			);
			buildRules = (
			);
			dependencies = (
				BC1FB2C72416876000660C2A /* PBXTargetDependency */,
			);
			name = stageTests;
			productName = stageTests;
			productReference = BC1FB2C52416876000660C2A /* stageTests.xctest */;
			productType = "com.apple.product-type.bundle.unit-test";
		};
/* End PBXNativeTarget section */

/* Begin PBXProject section */
		BC1FB2AB2416875F00660C2A /* Project object */ = {
			isa = PBXProject;
			attributes = {
				LastSwiftUpdateCheck = 1130;
				LastUpgradeCheck = 1130;
				ORGANIZATIONNAME = "Hanzhang Song";
				TargetAttributes = {
					BC1FB2B22416875F00660C2A = {
						CreatedOnToolsVersion = 11.3.1;
					};
					BC1FB2C42416876000660C2A = {
						CreatedOnToolsVersion = 11.3.1;
						TestTargetID = BC1FB2B22416875F00660C2A;
					};
				};
			};
			buildConfigurationList = BC1FB2AE2416875F00660C2A /* Build configuration list for PBXProject "stage" */;
			compatibilityVersion = "Xcode 9.3";
			developmentRegion = en;
			hasScannedForEncodings = 0;
			knownRegions = (
				en,
				Base,
			);
			mainGroup = BC1FB2AA2416875F00660C2A;
			productRefGroup = BC1FB2B42416875F00660C2A /* Products */;
			projectDirPath = "";
			projectRoot = "";
			targets = (
				BC1FB2B22416875F00660C2A /* stage */,
				BC1FB2C42416876000660C2A /* stageTests */,
			);
		};
/* End PBXProject section */

/* Begin PBXResourcesBuildPhase section */
		BC1FB2B12416875F00660C2A /* Resources */ = {
			isa = PBXResourcesBuildPhase;
			buildActionMask = 2147483647;
			files = (
				BC1FB2D7241749CD00660C2A /* Network in Resources */,
				BC1FB2BB2416875F00660C2A /* Assets.xcassets in Resources */,
				BC1FB2BE2416876000660C2A /* Main.storyboard in Resources */,
			);
			runOnlyForDeploymentPostprocessing = 0;
		};
		BC1FB2C32416876000660C2A /* Resources */ = {
			isa = PBXResourcesBuildPhase;
			buildActionMask = 2147483647;
			files = (
			);
			runOnlyForDeploymentPostprocessing = 0;
		};
/* End PBXResourcesBuildPhase section */

/* Begin PBXSourcesBuildPhase section */
		BC1FB2AF2416875F00660C2A /* Sources */ = {
			isa = PBXSourcesBuildPhase;
			buildActionMask = 2147483647;
			files = (
				BC1FB2B72416875F00660C2A /* AppDelegate.swift in Sources */,
				BC1FB2D524168A0E00660C2A /* HomeViewController.swift in Sources */,
			);
			runOnlyForDeploymentPostprocessing = 0;
		};
		BC1FB2C12416876000660C2A /* Sources */ = {
			isa = PBXSourcesBuildPhase;
			buildActionMask = 2147483647;
			files = (
				BC1FB2CA2416876000660C2A /* stageTests.swift in Sources */,
			);
			runOnlyForDeploymentPostprocessing = 0;
		};
/* End PBXSourcesBuildPhase section */

/* Begin PBXTargetDependency section */
		BC1FB2C72416876000660C2A /* PBXTargetDependency */ = {
			isa = PBXTargetDependency;
			target = BC1FB2B22416875F00660C2A /* stage */;
			targetProxy = BC1FB2C62416876000660C2A /* PBXContainerItemProxy */;
		};
/* End PBXTargetDependency section */

/* Begin PBXVariantGroup section */
		BC1FB2BC2416876000660C2A /* Main.storyboard */ = {
			isa = PBXVariantGroup;
			children = (
				BC1FB2BD2416876000660C2A /* Base */,
			);
			name = Main.storyboard;
			sourceTree = "<group>";
		};
/* End PBXVariantGroup section */

/* Begin XCBuildConfiguration section */
		BC1FB2CC2416876000660C2A /* Debug */ = {
			isa = XCBuildConfiguration;
			buildSettings = {
				ALWAYS_SEARCH_USER_PATHS = NO;
				CLANG_ANALYZER_NONNULL = YES;
				CLANG_ANALYZER_NUMBER_OBJECT_CONVERSION = YES_AGGRESSIVE;
				CLANG_CXX_LANGUAGE_STANDARD = "gnu++14";
				CLANG_CXX_LIBRARY = "libc++";
				CLANG_ENABLE_MODULES = YES;
				CLANG_ENABLE_OBJC_ARC = YES;
				CLANG_ENABLE_OBJC_WEAK = YES;
				CLANG_WARN_BLOCK_CAPTURE_AUTORELEASING = YES;
				CLANG_WARN_BOOL_CONVERSION = YES;
				CLANG_WARN_COMMA = YES;
				CLANG_WARN_CONSTANT_CONVERSION = YES;
				CLANG_WARN_DEPRECATED_OBJC_IMPLEMENTATIONS = YES;
				CLANG_WARN_DIRECT_OBJC_ISA_USAGE = YES_ERROR;
				CLANG_WARN_DOCUMENTATION_COMMENTS = YES;
				CLANG_WARN_EMPTY_BODY = YES;
				CLANG_WARN_ENUM_CONVERSION = YES;
				CLANG_WARN_INFINITE_RECURSION = YES;
				CLANG_WARN_INT_CONVERSION = YES;
				CLANG_WARN_NON_LITERAL_NULL_CONVERSION = YES;
				CLANG_WARN_OBJC_IMPLICIT_RETAIN_SELF = YES;
				CLANG_WARN_OBJC_LITERAL_CONVERSION = YES;
				CLANG_WARN_OBJC_ROOT_CLASS = YES_ERROR;
				CLANG_WARN_RANGE_LOOP_ANALYSIS = YES;
				CLANG_WARN_STRICT_PROTOTYPES = YES;
				CLANG_WARN_SUSPICIOUS_MOVE = YES;
				CLANG_WARN_UNGUARDED_AVAILABILITY = YES_AGGRESSIVE;
				CLANG_WARN_UNREACHABLE_CODE = YES;
				CLANG_WARN__DUPLICATE_METHOD_MATCH = YES;
				COPY_PHASE_STRIP = NO;
				DEBUG_INFORMATION_FORMAT = dwarf;
				ENABLE_STRICT_OBJC_MSGSEND = YES;
				ENABLE_TESTABILITY = YES;
				GCC_C_LANGUAGE_STANDARD = gnu11;
				GCC_DYNAMIC_NO_PIC = NO;
				GCC_NO_COMMON_BLOCKS = YES;
				GCC_OPTIMIZATION_LEVEL = 0;
				GCC_PREPROCESSOR_DEFINITIONS = (
					"DEBUG=1",
					"$(inherited)",
				);
				GCC_WARN_64_TO_32_BIT_CONVERSION = YES;
				GCC_WARN_ABOUT_RETURN_TYPE = YES_ERROR;
				GCC_WARN_UNDECLARED_SELECTOR = YES;
				GCC_WARN_UNINITIALIZED_AUTOS = YES_AGGRESSIVE;
				GCC_WARN_UNUSED_FUNCTION = YES;
				GCC_WARN_UNUSED_VARIABLE = YES;
				MACOSX_DEPLOYMENT_TARGET = 10.15;
				MTL_ENABLE_DEBUG_INFO = INCLUDE_SOURCE;
				MTL_FAST_MATH = YES;
				ONLY_ACTIVE_ARCH = YES;
				SDKROOT = macosx;
				SWIFT_ACTIVE_COMPILATION_CONDITIONS = DEBUG;
				SWIFT_OPTIMIZATION_LEVEL = "-Onone";
			};
			name = Debug;
		};
		BC1FB2CD2416876000660C2A /* Release */ = {
			isa = XCBuildConfiguration;
			buildSettings = {
				ALWAYS_SEARCH_USER_PATHS = NO;
				CLANG_ANALYZER_NONNULL = YES;
				CLANG_ANALYZER_NUMBER_OBJECT_CONVERSION = YES_AGGRESSIVE;
				CLANG_CXX_LANGUAGE_STANDARD = "gnu++14";
				CLANG_CXX_LIBRARY = "libc++";
				CLANG_ENABLE_MODULES = YES;
				CLANG_ENABLE_OBJC_ARC = YES;
				CLANG_ENABLE_OBJC_WEAK = YES;
				CLANG_WARN_BLOCK_CAPTURE_AUTORELEASING = YES;
				CLANG_WARN_BOOL_CONVERSION = YES;
				CLANG_WARN_COMMA = YES;
				CLANG_WARN_CONSTANT_CONVERSION = YES;
				CLANG_WARN_DEPRECATED_OBJC_IMPLEMENTATIONS = YES;
				CLANG_WARN_DIRECT_OBJC_ISA_USAGE = YES_ERROR;
				CLANG_WARN_DOCUMENTATION_COMMENTS = YES;
				CLANG_WARN_EMPTY_BODY = YES;
				CLANG_WARN_ENUM_CONVERSION = YES;
				CLANG_WARN_INFINITE_RECURSION = YES;
				CLANG_WARN_INT_CONVERSION = YES;
				CLANG_WARN_NON_LITERAL_NULL_CONVERSION = YES;
				CLANG_WARN_OBJC_IMPLICIT_RETAIN_SELF = YES;
				CLANG_WARN_OBJC_LITERAL_CONVERSION = YES;
				CLANG_WARN_OBJC_ROOT_CLASS = YES_ERROR;
				CLANG_WARN_RANGE_LOOP_ANALYSIS = YES;
				CLANG_WARN_STRICT_PROTOTYPES = YES;
				CLANG_WARN_SUSPICIOUS_MOVE = YES;
				CLANG_WARN_UNGUARDED_AVAILABILITY = YES_AGGRESSIVE;
				CLANG_WARN_UNREACHABLE_CODE = YES;
				CLANG_WARN__DUPLICATE_METHOD_MATCH = YES;
				COPY_PHASE_STRIP = NO;
				DEBUG_INFORMATION_FORMAT = "dwarf-with-dsym";
				ENABLE_NS_ASSERTIONS = NO;
				ENABLE_STRICT_OBJC_MSGSEND = YES;
				GCC_C_LANGUAGE_STANDARD = gnu11;
				GCC_NO_COMMON_BLOCKS = YES;
				GCC_WARN_64_TO_32_BIT_CONVERSION = YES;
				GCC_WARN_ABOUT_RETURN_TYPE = YES_ERROR;
				GCC_WARN_UNDECLARED_SELECTOR = YES;
				GCC_WARN_UNINITIALIZED_AUTOS = YES_AGGRESSIVE;
				GCC_WARN_UNUSED_FUNCTION = YES;
				GCC_WARN_UNUSED_VARIABLE = YES;
				MACOSX_DEPLOYMENT_TARGET = 10.15;
				MTL_ENABLE_DEBUG_INFO = NO;
				MTL_FAST_MATH = YES;
				SDKROOT = macosx;
				SWIFT_COMPILATION_MODE = wholemodule;
				SWIFT_OPTIMIZATION_LEVEL = "-O";
			};
			name = Release;
		};
		BC1FB2CF2416876000660C2A /* Debug */ = {
			isa = XCBuildConfiguration;
			buildSettings = {
				ASSETCATALOG_COMPILER_APPICON_NAME = AppIcon;
				CODE_SIGN_ENTITLEMENTS = stage/stage.entitlements;
				CODE_SIGN_STYLE = Automatic;
				COMBINE_HIDPI_IMAGES = YES;
				DEVELOPMENT_TEAM = W3XA26Y5B3;
				ENABLE_HARDENED_RUNTIME = YES;
				INFOPLIST_FILE = stage/Info.plist;
				LD_RUNPATH_SEARCH_PATHS = (
					"$(inherited)",
					"@executable_path/../Frameworks",
				);
				PRODUCT_BUNDLE_IDENTIFIER = HZ.stage;
				PRODUCT_NAME = "$(TARGET_NAME)";
				SWIFT_VERSION = 5.0;
			};
			name = Debug;
		};
		BC1FB2D02416876000660C2A /* Release */ = {
			isa = XCBuildConfiguration;
			buildSettings = {
				ASSETCATALOG_COMPILER_APPICON_NAME = AppIcon;
				CODE_SIGN_ENTITLEMENTS = stage/stage.entitlements;
				CODE_SIGN_STYLE = Automatic;
				COMBINE_HIDPI_IMAGES = YES;
				DEVELOPMENT_TEAM = W3XA26Y5B3;
				ENABLE_HARDENED_RUNTIME = YES;
				INFOPLIST_FILE = stage/Info.plist;
				LD_RUNPATH_SEARCH_PATHS = (
					"$(inherited)",
					"@executable_path/../Frameworks",
				);
				PRODUCT_BUNDLE_IDENTIFIER = HZ.stage;
				PRODUCT_NAME = "$(TARGET_NAME)";
				SWIFT_VERSION = 5.0;
			};
			name = Release;
		};
		BC1FB2D22416876000660C2A /* Debug */ = {
			isa = XCBuildConfiguration;
			buildSettings = {
				ALWAYS_EMBED_SWIFT_STANDARD_LIBRARIES = YES;
				BUNDLE_LOADER = "$(TEST_HOST)";
				CODE_SIGN_STYLE = Automatic;
				COMBINE_HIDPI_IMAGES = YES;
				DEVELOPMENT_TEAM = W3XA26Y5B3;
				INFOPLIST_FILE = stageTests/Info.plist;
				LD_RUNPATH_SEARCH_PATHS = (
					"$(inherited)",
					"@executable_path/../Frameworks",
					"@loader_path/../Frameworks",
				);
				MACOSX_DEPLOYMENT_TARGET = 10.15;
				PRODUCT_BUNDLE_IDENTIFIER = HZ.stageTests;
				PRODUCT_NAME = "$(TARGET_NAME)";
				SWIFT_VERSION = 5.0;
				TEST_HOST = "$(BUILT_PRODUCTS_DIR)/stage.app/Contents/MacOS/stage";
			};
			name = Debug;
		};
		BC1FB2D32416876000660C2A /* Release */ = {
			isa = XCBuildConfiguration;
			buildSettings = {
				ALWAYS_EMBED_SWIFT_STANDARD_LIBRARIES = YES;
				BUNDLE_LOADER = "$(TEST_HOST)";
				CODE_SIGN_STYLE = Automatic;
				COMBINE_HIDPI_IMAGES = YES;
				DEVELOPMENT_TEAM = W3XA26Y5B3;
				INFOPLIST_FILE = stageTests/Info.plist;
				LD_RUNPATH_SEARCH_PATHS = (
					"$(inherited)",
					"@executable_path/../Frameworks",
					"@loader_path/../Frameworks",
				);
				MACOSX_DEPLOYMENT_TARGET = 10.15;
				PRODUCT_BUNDLE_IDENTIFIER = HZ.stageTests;
				PRODUCT_NAME = "$(TARGET_NAME)";
				SWIFT_VERSION = 5.0;
				TEST_HOST = "$(BUILT_PRODUCTS_DIR)/stage.app/Contents/MacOS/stage";
			};
			name = Release;
		};
/* End XCBuildConfiguration section */

/* Begin XCConfigurationList section */
		BC1FB2AE2416875F00660C2A /* Build configuration list for PBXProject "stage" */ = {
			isa = XCConfigurationList;
			buildConfigurations = (
				BC1FB2CC2416876000660C2A /* Debug */,
				BC1FB2CD2416876000660C2A /* Release */,
			);
			defaultConfigurationIsVisible = 0;
			defaultConfigurationName = Release;
		};
		BC1FB2CE2416876000660C2A /* Build configuration list for PBXNativeTarget "stage" */ = {
			isa = XCConfigurationList;
			buildConfigurations = (
				BC1FB2CF2416876000660C2A /* Debug */,
				BC1FB2D02416876000660C2A /* Release */,
			);
			defaultConfigurationIsVisible = 0;
			defaultConfigurationName = Release;
		};
		BC1FB2D12416876000660C2A /* Build configuration list for PBXNativeTarget "stageTests" */ = {
			isa = XCConfigurationList;
			buildConfigurations = (
				BC1FB2D22416876000660C2A /* Debug */,
				BC1FB2D32416876000660C2A /* Release */,
			);
			defaultConfigurationIsVisible = 0;
			defaultConfigurationName = Release;
		};
/* End XCConfigurationList section */
	};
	rootObject = BC1FB2AB2416875F00660C2A /* Project object */;
}
